
Microsoft Visual Studio Solution File, Format Version 12.00
# Visual Studio Version 17
VisualStudioVersion = 17.3.32825.248
MinimumVisualStudioVersion = 10.0.40219.1
Project("{FAE04EC0-301F-11D3-BF4B-00C04F79EFBC}") = "WPFAppLogging", "WPFAppLogging\WPFAppLogging.csproj", "{5523E320-AA68-4C02-B1B4-13BC5AE202C5}"
	ProjectSection(ProjectDependencies) = postProject
		{30AE62F5-8C71-464F-A886-807E646C3DC2} = {30AE62F5-8C71-464F-A886-807E646C3DC2}
	EndProjectSection
EndProject
Project("{FAE04EC0-301F-11D3-BF4B-00C04F79EFBC}") = "CIAService", "CIAService\CIAService.csproj", "{30AE62F5-8C71-464F-A886-807E646C3DC2}"
EndProject
Global
	GlobalSection(SolutionConfigurationPlatforms) = preSolution
		Debug|Any CPU = Debug|Any CPU
		Release|Any CPU = Release|Any CPU
	EndGlobalSection
	GlobalSection(ProjectConfigurationPlatforms) = postSolution
		{5523E320-AA68-4C02-B1B4-13BC5AE202C5}.Debug|Any CPU.ActiveCfg = Debug|Any CPU
		{5523E320-AA68-4C02-B1B4-13BC5AE202C5}.Debug|Any CPU.Build.0 = Debug|Any CPU
		{5523E320-AA68-4C02-B1B4-13BC5AE202C5}.Release|Any CPU.ActiveCfg = Release|Any CPU
		{5523E320-AA68-4C02-B1B4-13BC5AE202C5}.Release|Any CPU.Build.0 = Release|Any CPU
		{30AE62F5-8C71-464F-A886-807E646C3DC2}.Debug|Any CPU.ActiveCfg = Debug|Any CPU
		{30AE62F5-8C71-464F-A886-807E646C3DC2}.Debug|Any CPU.Build.0 = Debug|Any CPU
		{30AE62F5-8C71-464F-A886-807E646C3DC2}.Release|Any CPU.ActiveCfg = Release|Any CPU
		{30AE62F5-8C71-464F-A886-807E646C3DC2}.Release|Any CPU.Build.0 = Release|Any CPU
	EndGlobalSection
	GlobalSection(SolutionProperties) = preSolution
		HideSolutionNode = FALSE
	EndGlobalSection
	GlobalSection(ExtensibilityGlobals) = postSolution
		SolutionGuid = {5B679DCE-DA9B-4564-861B-21B011F605D4}
	EndGlobalSection
EndGlobal
